
Microsoft Visual Studio Solution File, Format Version 12.00
# Visual Studio Version 17
VisualStudioVersion = 17.1.32407.343
MinimumVisualStudioVersion = 10.0.40219.1
Project("{FAE04EC0-301F-11D3-BF4B-00C04F79EFBC}") = "compilerTool", "compilerTool\compilerTool.csproj", "{B7404E02-580D-436E-BC38-5787137F6D04}"
EndProject
Global
	GlobalSection(SolutionConfigurationPlatforms) = preSolution
		Debug|Any CPU = Debug|Any CPU
		Release|Any CPU = Release|Any CPU
	EndGlobalSection
	GlobalSection(ProjectConfigurationPlatforms) = postSolution
		{B7404E02-580D-436E-BC38-5787137F6D04}.Debug|Any CPU.ActiveCfg = Debug|Any CPU
		{B7404E02-580D-436E-BC38-5787137F6D04}.Debug|Any CPU.Build.0 = Debug|Any CPU
		{B7404E02-580D-436E-BC38-5787137F6D04}.Release|Any CPU.ActiveCfg = Release|Any CPU
		{B7404E02-580D-436E-BC38-5787137F6D04}.Release|Any CPU.Build.0 = Release|Any CPU
	EndGlobalSection
	GlobalSection(SolutionProperties) = preSolution
		HideSolutionNode = FALSE
	EndGlobalSection
	GlobalSection(ExtensibilityGlobals) = postSolution
		SolutionGuid = {C17969B1-673F-4941-B050-37DE813762F3}
	EndGlobalSection
EndGlobal
